
Microsoft Visual Studio Solution File, Format Version 12.00
# Visual Studio Version 17
VisualStudioVersion = 17.14.37628.2 d17.14
MinimumVisualStudioVersion = 10.0.40219.1
Project("{FAE04EC0-301F-11D3-BF4B-00C04F79EFBC}") = "WindowsFormsApp1", "WindowsFormsApp1\WindowsFormsApp1.csproj", "{93F50242-758B-4CAF-AC1F-B3DFFB48652A}"
EndProject
Global
	GlobalSection(SolutionConfigurationPlatforms) = preSolution
		Debug|Any CPU = Debug|Any CPU
		Release|Any CPU = Release|Any CPU
	EndGlobalSection
	GlobalSection(ProjectConfigurationPlatforms) = postSolution
		{93F50242-758B-4CAF-AC1F-B3DFFB48652A}.Debug|Any CPU.ActiveCfg = Debug|Any CPU
		{93F50242-758B-4CAF-AC1F-B3DFFB48652A}.Debug|Any CPU.Build.0 = Debug|Any CPU
		{93F50242-758B-4CAF-AC1F-B3DFFB48652A}.Release|Any CPU.ActiveCfg = Release|Any CPU
		{93F50242-758B-4CAF-AC1F-B3DFFB48652A}.Release|Any CPU.Build.0 = Release|Any CPU
	EndGlobalSection
	GlobalSection(SolutionProperties) = preSolution
		HideSolutionNode = FALSE
	EndGlobalSection
	GlobalSection(ExtensibilityGlobals) = postSolution
		SolutionGuid = {11623062-1730-4D8C-8B8F-90966153A692}
	EndGlobalSection
EndGlobal
